
Microsoft Visual Studio Solution File, Format Version 12.00
# Visual Studio Version 16
VisualStudioVersion = 16.0.32126.315
MinimumVisualStudioVersion = 10.0.40219.1
Project("{888888A0-9F3D-457C-B088-3A5042F75D52}") = "car_test", "car_test\car_test.pyproj", "{55D8730D-287C-4ABC-B711-5BA16BE92215}"
EndProject
Global
	GlobalSection(SolutionConfigurationPlatforms) = preSolution
		Debug|Any CPU = Debug|Any CPU
		Release|Any CPU = Release|Any CPU
	EndGlobalSection
	GlobalSection(ProjectConfigurationPlatforms) = postSolution
		{55D8730D-287C-4ABC-B711-5BA16BE92215}.Debug|Any CPU.ActiveCfg = Debug|Any CPU
		{55D8730D-287C-4ABC-B711-5BA16BE92215}.Release|Any CPU.ActiveCfg = Release|Any CPU
	EndGlobalSection
	GlobalSection(SolutionProperties) = preSolution
		HideSolutionNode = FALSE
	EndGlobalSection
	GlobalSection(ExtensibilityGlobals) = postSolution
		SolutionGuid = {12F3BB15-95C5-4DE5-9A5E-778AFD0BCB6A}
	EndGlobalSection
EndGlobal
